
Microsoft Visual Studio Solution File, Format Version 12.00
# Visual Studio Version 16
VisualStudioVersion = 16.0.31702.278
MinimumVisualStudioVersion = 10.0.40219.1
Project("{FAE04EC0-301F-11D3-BF4B-00C04F79EFBC}") = "Vasmegye", "Vasmegye\Vasmegye.csproj", "{74ED3C8E-2992-4222-979D-767EB6C7FD30}"
EndProject
Global
	GlobalSection(SolutionConfigurationPlatforms) = preSolution
		Debug|Any CPU = Debug|Any CPU
		Release|Any CPU = Release|Any CPU
	EndGlobalSection
	GlobalSection(ProjectConfigurationPlatforms) = postSolution
		{74ED3C8E-2992-4222-979D-767EB6C7FD30}.Debug|Any CPU.ActiveCfg = Debug|Any CPU
		{74ED3C8E-2992-4222-979D-767EB6C7FD30}.Debug|Any CPU.Build.0 = Debug|Any CPU
		{74ED3C8E-2992-4222-979D-767EB6C7FD30}.Release|Any CPU.ActiveCfg = Release|Any CPU
		{74ED3C8E-2992-4222-979D-767EB6C7FD30}.Release|Any CPU.Build.0 = Release|Any CPU
	EndGlobalSection
	GlobalSection(SolutionProperties) = preSolution
		HideSolutionNode = FALSE
	EndGlobalSection
	GlobalSection(ExtensibilityGlobals) = postSolution
		SolutionGuid = {09A6DCFE-6097-4FD0-9807-356129AD6DB9}
	EndGlobalSection
EndGlobal
